Microsoft Visual Studio Solution File, Format Version 12.00
# Visual Studio Version 17
VisualStudioVersion = 17.5.2.0
MinimumVisualStudioVersion = 10.0.40219.1
Project("{FAE04EC0-301F-11D3-BF4B-00C04F79EFBC}") = "Client.CLI", "Client.CLI\Client.CLI.csproj", "{A9A24451-6852-4F11-7FDD-0B818B90AFC9}"
EndProject
Global
	GlobalSection(SolutionConfigurationPlatforms) = preSolution
		Debug|Any CPU = Debug|Any CPU
		Release|Any CPU = Release|Any CPU
	EndGlobalSection
	GlobalSection(ProjectConfigurationPlatforms) = postSolution
		{A9A24451-6852-4F11-7FDD-0B818B90AFC9}.Debug|Any CPU.ActiveCfg = Debug|Any CPU
		{A9A24451-6852-4F11-7FDD-0B818B90AFC9}.Debug|Any CPU.Build.0 = Debug|Any CPU
		{A9A24451-6852-4F11-7FDD-0B818B90AFC9}.Release|Any CPU.ActiveCfg = Release|Any CPU
		{A9A24451-6852-4F11-7FDD-0B818B90AFC9}.Release|Any CPU.Build.0 = Release|Any CPU
	EndGlobalSection
	GlobalSection(SolutionProperties) = preSolution
		HideSolutionNode = FALSE
	EndGlobalSection
	GlobalSection(ExtensibilityGlobals) = postSolution
		SolutionGuid = {E325C812-47F0-480F-99B7-EE761172880B}
	EndGlobalSection
EndGlobal
