
Microsoft Visual Studio Solution File, Format Version 12.00
# Visual Studio Version 17
VisualStudioVersion = 17.13.35825.156
MinimumVisualStudioVersion = 10.0.40219.1
Project("{2150E333-8FDC-42A3-9474-1A3956D46DE8}") = "Storage", "Storage", "{F9288588-3882-4443-A179-AC518F5B205B}"
EndProject
Project("{2150E333-8FDC-42A3-9474-1A3956D46DE8}") = "Models", "Models", "{A55C1F8C-51A6-4E6B-90AD-54E747D648ED}"
EndProject
Project("{2150E333-8FDC-42A3-9474-1A3956D46DE8}") = "Services", "Services", "{A091951F-37CC-4AB6-A779-3614CFAD57AD}"
EndProject
Project("{2150E333-8FDC-42A3-9474-1A3956D46DE8}") = "Endpoint", "Endpoint", "{A4CF701D-BED1-41CB-85A7-88C1167D0115}"
EndProject
Project("{FAE04EC0-301F-11D3-BF4B-00C04F79EFBC}") = "Endpoint", "Endpoint\Endpoint.csproj", "{1874F4C3-9250-8342-8F1E-4E2692AD6BE3}"
EndProject
Project("{FAE04EC0-301F-11D3-BF4B-00C04F79EFBC}") = "Models", "Models\Models.csproj", "{262C6A48-AE34-D77E-44A9-AF0CD30983F0}"
EndProject
Project("{FAE04EC0-301F-11D3-BF4B-00C04F79EFBC}") = "Repository", "Storage\Repository\Repository.csproj", "{E90132D6-0824-FE99-409D-EA8CB9800E0B}"
EndProject
Project("{FAE04EC0-301F-11D3-BF4B-00C04F79EFBC}") = "BusinessLogic", "Services\BusinessLogic\BusinessLogic.csproj", "{D89C3B24-AA03-9C27-E2AA-027FB915399A}"
EndProject
Project("{FAE04EC0-301F-11D3-BF4B-00C04F79EFBC}") = "AnalyzerService", "Services\AnalyzerService\AnalyzerService.csproj", "{8ADFFD56-AE8D-4512-8F60-5B41EF4C18BB}"
EndProject
Project("{2150E333-8FDC-42A3-9474-1A3956D46DE8}") = "Solution Items", "Solution Items", "{02EA681E-C7D8-13C7-8484-4AC65E1B71E8}"
	ProjectSection(SolutionItems) = preProject
		.editorconfig = .editorconfig
	EndProjectSection
EndProject
Project("{FAE04EC0-301F-11D3-BF4B-00C04F79EFBC}") = "MusicXmlConfiguringService", "Services\MusicXmlConfiguringService\MusicXmlConfiguringService.csproj", "{DA7D08DE-B244-450E-B881-DE20494F6FC0}"
EndProject
Global
	GlobalSection(SolutionConfigurationPlatforms) = preSolution
		Debug|Any CPU = Debug|Any CPU
		Debug|x64 = Debug|x64
		Debug|x86 = Debug|x86
		Release|Any CPU = Release|Any CPU
		Release|x64 = Release|x64
		Release|x86 = Release|x86
	EndGlobalSection
	GlobalSection(ProjectConfigurationPlatforms) = postSolution
		{1874F4C3-9250-8342-8F1E-4E2692AD6BE3}.Debug|Any CPU.ActiveCfg = Debug|Any CPU
		{1874F4C3-9250-8342-8F1E-4E2692AD6BE3}.Debug|Any CPU.Build.0 = Debug|Any CPU
		{1874F4C3-9250-8342-8F1E-4E2692AD6BE3}.Debug|x64.ActiveCfg = Debug|Any CPU
		{1874F4C3-9250-8342-8F1E-4E2692AD6BE3}.Debug|x64.Build.0 = Debug|Any CPU
		{1874F4C3-9250-8342-8F1E-4E2692AD6BE3}.Debug|x86.ActiveCfg = Debug|Any CPU
		{1874F4C3-9250-8342-8F1E-4E2692AD6BE3}.Debug|x86.Build.0 = Debug|Any CPU
		{1874F4C3-9250-8342-8F1E-4E2692AD6BE3}.Release|Any CPU.ActiveCfg = Release|Any CPU
		{1874F4C3-9250-8342-8F1E-4E2692AD6BE3}.Release|Any CPU.Build.0 = Release|Any CPU
		{1874F4C3-9250-8342-8F1E-4E2692AD6BE3}.Release|x64.ActiveCfg = Release|Any CPU
		{1874F4C3-9250-8342-8F1E-4E2692AD6BE3}.Release|x64.Build.0 = Release|Any CPU
		{1874F4C3-9250-8342-8F1E-4E2692AD6BE3}.Release|x86.ActiveCfg = Release|Any CPU
		{1874F4C3-9250-8342-8F1E-4E2692AD6BE3}.Release|x86.Build.0 = Release|Any CPU
		{262C6A48-AE34-D77E-44A9-AF0CD30983F0}.Debug|Any CPU.ActiveCfg = Debug|Any CPU
		{262C6A48-AE34-D77E-44A9-AF0CD30983F0}.Debug|Any CPU.Build.0 = Debug|Any CPU
		{262C6A48-AE34-D77E-44A9-AF0CD30983F0}.Debug|x64.ActiveCfg = Debug|Any CPU
		{262C6A48-AE34-D77E-44A9-AF0CD30983F0}.Debug|x64.Build.0 = Debug|Any CPU
		{262C6A48-AE34-D77E-44A9-AF0CD30983F0}.Debug|x86.ActiveCfg = Debug|Any CPU
		{262C6A48-AE34-D77E-44A9-AF0CD30983F0}.Debug|x86.Build.0 = Debug|Any CPU
		{262C6A48-AE34-D77E-44A9-AF0CD30983F0}.Release|Any CPU.ActiveCfg = Release|Any CPU
		{262C6A48-AE34-D77E-44A9-AF0CD30983F0}.Release|Any CPU.Build.0 = Release|Any CPU
		{262C6A48-AE34-D77E-44A9-AF0CD30983F0}.Release|x64.ActiveCfg = Release|Any CPU
		{262C6A48-AE34-D77E-44A9-AF0CD30983F0}.Release|x64.Build.0 = Release|Any CPU
		{262C6A48-AE34-D77E-44A9-AF0CD30983F0}.Release|x86.ActiveCfg = Release|Any CPU
		{262C6A48-AE34-D77E-44A9-AF0CD30983F0}.Release|x86.Build.0 = Release|Any CPU
		{E90132D6-0824-FE99-409D-EA8CB9800E0B}.Debug|Any CPU.ActiveCfg = Debug|Any CPU
		{E90132D6-0824-FE99-409D-EA8CB9800E0B}.Debug|Any CPU.Build.0 = Debug|Any CPU
		{E90132D6-0824-FE99-409D-EA8CB9800E0B}.Debug|x64.ActiveCfg = Debug|Any CPU
		{E90132D6-0824-FE99-409D-EA8CB9800E0B}.Debug|x64.Build.0 = Debug|Any CPU
		{E90132D6-0824-FE99-409D-EA8CB9800E0B}.Debug|x86.ActiveCfg = Debug|Any CPU
		{E90132D6-0824-FE99-409D-EA8CB9800E0B}.Debug|x86.Build.0 = Debug|Any CPU
		{E90132D6-0824-FE99-409D-EA8CB9800E0B}.Release|Any CPU.ActiveCfg = Release|Any CPU
		{E90132D6-0824-FE99-409D-EA8CB9800E0B}.Release|Any CPU.Build.0 = Release|Any CPU
		{E90132D6-0824-FE99-409D-EA8CB9800E0B}.Release|x64.ActiveCfg = Release|Any CPU
		{E90132D6-0824-FE99-409D-EA8CB9800E0B}.Release|x64.Build.0 = Release|Any CPU
		{E90132D6-0824-FE99-409D-EA8CB9800E0B}.Release|x86.ActiveCfg = Release|Any CPU
		{E90132D6-0824-FE99-409D-EA8CB9800E0B}.Release|x86.Build.0 = Release|Any CPU
		{D89C3B24-AA03-9C27-E2AA-027FB915399A}.Debug|Any CPU.ActiveCfg = Debug|Any CPU
		{D89C3B24-AA03-9C27-E2AA-027FB915399A}.Debug|Any CPU.Build.0 = Debug|Any CPU
		{D89C3B24-AA03-9C27-E2AA-027FB915399A}.Debug|x64.ActiveCfg = Debug|Any CPU
		{D89C3B24-AA03-9C27-E2AA-027FB915399A}.Debug|x64.Build.0 = Debug|Any CPU
		{D89C3B24-AA03-9C27-E2AA-027FB915399A}.Debug|x86.ActiveCfg = Debug|Any CPU
		{D89C3B24-AA03-9C27-E2AA-027FB915399A}.Debug|x86.Build.0 = Debug|Any CPU
		{D89C3B24-AA03-9C27-E2AA-027FB915399A}.Release|Any CPU.ActiveCfg = Release|Any CPU
		{D89C3B24-AA03-9C27-E2AA-027FB915399A}.Release|Any CPU.Build.0 = Release|Any CPU
		{D89C3B24-AA03-9C27-E2AA-027FB915399A}.Release|x64.ActiveCfg = Release|Any CPU
		{D89C3B24-AA03-9C27-E2AA-027FB915399A}.Release|x64.Build.0 = Release|Any CPU
		{D89C3B24-AA03-9C27-E2AA-027FB915399A}.Release|x86.ActiveCfg = Release|Any CPU
		{D89C3B24-AA03-9C27-E2AA-027FB915399A}.Release|x86.Build.0 = Release|Any CPU
		{8ADFFD56-AE8D-4512-8F60-5B41EF4C18BB}.Debug|Any CPU.ActiveCfg = Debug|Any CPU
		{8ADFFD56-AE8D-4512-8F60-5B41EF4C18BB}.Debug|Any CPU.Build.0 = Debug|Any CPU
		{8ADFFD56-AE8D-4512-8F60-5B41EF4C18BB}.Debug|x64.ActiveCfg = Debug|Any CPU
		{8ADFFD56-AE8D-4512-8F60-5B41EF4C18BB}.Debug|x64.Build.0 = Debug|Any CPU
		{8ADFFD56-AE8D-4512-8F60-5B41EF4C18BB}.Debug|x86.ActiveCfg = Debug|Any CPU
		{8ADFFD56-AE8D-4512-8F60-5B41EF4C18BB}.Debug|x86.Build.0 = Debug|Any CPU
		{8ADFFD56-AE8D-4512-8F60-5B41EF4C18BB}.Release|Any CPU.ActiveCfg = Release|Any CPU
		{8ADFFD56-AE8D-4512-8F60-5B41EF4C18BB}.Release|Any CPU.Build.0 = Release|Any CPU
		{8ADFFD56-AE8D-4512-8F60-5B41EF4C18BB}.Release|x64.ActiveCfg = Release|Any CPU
		{8ADFFD56-AE8D-4512-8F60-5B41EF4C18BB}.Release|x64.Build.0 = Release|Any CPU
		{8ADFFD56-AE8D-4512-8F60-5B41EF4C18BB}.Release|x86.ActiveCfg = Release|Any CPU
		{8ADFFD56-AE8D-4512-8F60-5B41EF4C18BB}.Release|x86.Build.0 = Release|Any CPU
		{DA7D08DE-B244-450E-B881-DE20494F6FC0}.Debug|Any CPU.ActiveCfg = Debug|Any CPU
		{DA7D08DE-B244-450E-B881-DE20494F6FC0}.Debug|Any CPU.Build.0 = Debug|Any CPU
		{DA7D08DE-B244-450E-B881-DE20494F6FC0}.Debug|x64.ActiveCfg = Debug|Any CPU
		{DA7D08DE-B244-450E-B881-DE20494F6FC0}.Debug|x64.Build.0 = Debug|Any CPU
		{DA7D08DE-B244-450E-B881-DE20494F6FC0}.Debug|x86.ActiveCfg = Debug|Any CPU
		{DA7D08DE-B244-450E-B881-DE20494F6FC0}.Debug|x86.Build.0 = Debug|Any CPU
		{DA7D08DE-B244-450E-B881-DE20494F6FC0}.Release|Any CPU.ActiveCfg = Release|Any CPU
		{DA7D08DE-B244-450E-B881-DE20494F6FC0}.Release|Any CPU.Build.0 = Release|Any CPU
		{DA7D08DE-B244-450E-B881-DE20494F6FC0}.Release|x64.ActiveCfg = Release|Any CPU
		{DA7D08DE-B244-450E-B881-DE20494F6FC0}.Release|x64.Build.0 = Release|Any CPU
		{DA7D08DE-B244-450E-B881-DE20494F6FC0}.Release|x86.ActiveCfg = Release|Any CPU
		{DA7D08DE-B244-450E-B881-DE20494F6FC0}.Release|x86.Build.0 = Release|Any CPU
	EndGlobalSection
	GlobalSection(SolutionProperties) = preSolution
		HideSolutionNode = FALSE
	EndGlobalSection
	GlobalSection(NestedProjects) = preSolution
		{1874F4C3-9250-8342-8F1E-4E2692AD6BE3} = {A4CF701D-BED1-41CB-85A7-88C1167D0115}
		{262C6A48-AE34-D77E-44A9-AF0CD30983F0} = {A55C1F8C-51A6-4E6B-90AD-54E747D648ED}
		{E90132D6-0824-FE99-409D-EA8CB9800E0B} = {F9288588-3882-4443-A179-AC518F5B205B}
		{D89C3B24-AA03-9C27-E2AA-027FB915399A} = {A091951F-37CC-4AB6-A779-3614CFAD57AD}
		{8ADFFD56-AE8D-4512-8F60-5B41EF4C18BB} = {A091951F-37CC-4AB6-A779-3614CFAD57AD}
		{DA7D08DE-B244-450E-B881-DE20494F6FC0} = {A091951F-37CC-4AB6-A779-3614CFAD57AD}
	EndGlobalSection
	GlobalSection(ExtensibilityGlobals) = postSolution
		SolutionGuid = {542D5192-965E-43AA-A321-6491CAC92899}
	EndGlobalSection
EndGlobal
